
Microsoft Visual Studio Solution File, Format Version 12.00
# Visual Studio 14
VisualStudioVersion = 14.0.25420.1
MinimumVisualStudioVersion = 10.0.40219.1
Project("{FAE04EC0-301F-11D3-BF4B-00C04F79EFBC}") = "OurHomeGetter", "OurHomeGetter\OurHomeGetter.csproj", "{4D36576B-4983-4F3A-AE8E-6A2E79BD5FAE}"
EndProject
Project("{FAE04EC0-301F-11D3-BF4B-00C04F79EFBC}") = "ConsoleApp", "ConsoleApp\ConsoleApp.csproj", "{82F6F045-AE47-4263-935C-535EE7B8AB9E}"
EndProject
Project("{FAE04EC0-301F-11D3-BF4B-00C04F79EFBC}") = "Common", "..\Common\Common.csproj", "{984C6A36-A3AD-40F4-8145-0377A28D9DB2}"
EndProject
Global
	GlobalSection(SolutionConfigurationPlatforms) = preSolution
		Debug|Any CPU = Debug|Any CPU
		Release|Any CPU = Release|Any CPU
	EndGlobalSection
	GlobalSection(ProjectConfigurationPlatforms) = postSolution
		{4D36576B-4983-4F3A-AE8E-6A2E79BD5FAE}.Debug|Any CPU.ActiveCfg = Debug|Any CPU
		{4D36576B-4983-4F3A-AE8E-6A2E79BD5FAE}.Debug|Any CPU.Build.0 = Debug|Any CPU
		{4D36576B-4983-4F3A-AE8E-6A2E79BD5FAE}.Release|Any CPU.ActiveCfg = Release|Any CPU
		{4D36576B-4983-4F3A-AE8E-6A2E79BD5FAE}.Release|Any CPU.Build.0 = Release|Any CPU
		{82F6F045-AE47-4263-935C-535EE7B8AB9E}.Debug|Any CPU.ActiveCfg = Debug|Any CPU
		{82F6F045-AE47-4263-935C-535EE7B8AB9E}.Debug|Any CPU.Build.0 = Debug|Any CPU
		{82F6F045-AE47-4263-935C-535EE7B8AB9E}.Release|Any CPU.ActiveCfg = Release|Any CPU
		{82F6F045-AE47-4263-935C-535EE7B8AB9E}.Release|Any CPU.Build.0 = Release|Any CPU
		{984C6A36-A3AD-40F4-8145-0377A28D9DB2}.Debug|Any CPU.ActiveCfg = Debug|Any CPU
		{984C6A36-A3AD-40F4-8145-0377A28D9DB2}.Debug|Any CPU.Build.0 = Debug|Any CPU
		{984C6A36-A3AD-40F4-8145-0377A28D9DB2}.Release|Any CPU.ActiveCfg = Release|Any CPU
		{984C6A36-A3AD-40F4-8145-0377A28D9DB2}.Release|Any CPU.Build.0 = Release|Any CPU
	EndGlobalSection
	GlobalSection(SolutionProperties) = preSolution
		HideSolutionNode = FALSE
	EndGlobalSection
EndGlobal
